// !$*UTF8*$!
{
	archiveVersion = 1;
	classes = {
	};
	objectVersion = 56;
	objects = {

/* Begin PBXBuildFile section */
		2D14BCCB2BD4785C005B99C6 /* UIStackView + Extension.swift in Sources */ = {isa = PBXBuildFile; fileRef = 2D14BCCA2BD4785C005B99C6 /* UIStackView + Extension.swift */; };
		2D1E99DC2B5351CE00752328 /* GoogleService-Info.plist in Resources */ = {isa = PBXBuildFile; fileRef = 2D1E99DB2B5351CE00752328 /* GoogleService-Info.plist */; };
		2D1E9A092B535AD100752328 /* AuthService.swift in Sources */ = {isa = PBXBuildFile; fileRef = 2D1E9A082B535AD100752328 /* AuthService.swift */; };
		2D29ECE32B88E87000B9F218 /* OrderInfoViewController.swift in Sources */ = {isa = PBXBuildFile; fileRef = 2D29ECE22B88E87000B9F218 /* OrderInfoViewController.swift */; };
		2D30432E2B5C8D2F008F5DA3 /* RegistrationViewController.swift in Sources */ = {isa = PBXBuildFile; fileRef = 2D30432D2B5C8D2F008F5DA3 /* RegistrationViewController.swift */; };
		2D3043302B5C94E8008F5DA3 /* ProfileViewController.swift in Sources */ = {isa = PBXBuildFile; fileRef = 2D30432F2B5C94E8008F5DA3 /* ProfileViewController.swift */; };
		2D34D2822B829CCF00A57046 /* OrdersViewController.swift in Sources */ = {isa = PBXBuildFile; fileRef = 2D34D2812B829CCF00A57046 /* OrdersViewController.swift */; };
		2D35840D2B69BA1100502D92 /* ProductViewController.swift in Sources */ = {isa = PBXBuildFile; fileRef = 2D35840C2B69BA1100502D92 /* ProductViewController.swift */; };
		2D35840F2B6C33F800502D92 /* CatalogTableViewCell.swift in Sources */ = {isa = PBXBuildFile; fileRef = 2D35840E2B6C33F800502D92 /* CatalogTableViewCell.swift */; };
		2D3584112B6C372B00502D92 /* CatalogViewController.swift in Sources */ = {isa = PBXBuildFile; fileRef = 2D3584102B6C372B00502D92 /* CatalogViewController.swift */; };
		2D3584152B70C2E100502D92 /* CardViewController.swift in Sources */ = {isa = PBXBuildFile; fileRef = 2D3584142B70C2E100502D92 /* CardViewController.swift */; };
		2D37808D2B82E873008E619C /* OrderTableViewCell.swift in Sources */ = {isa = PBXBuildFile; fileRef = 2D37808C2B82E873008E619C /* OrderTableViewCell.swift */; };
		2D39BE3A2B51F54400A6F692 /* AppDelegate.swift in Sources */ = {isa = PBXBuildFile; fileRef = 2D39BE392B51F54400A6F692 /* AppDelegate.swift */; };
		2D39BE3C2B51F54400A6F692 /* SceneDelegate.swift in Sources */ = {isa = PBXBuildFile; fileRef = 2D39BE3B2B51F54400A6F692 /* SceneDelegate.swift */; };
		2D39BE3E2B51F54400A6F692 /* AuthViewController.swift in Sources */ = {isa = PBXBuildFile; fileRef = 2D39BE3D2B51F54400A6F692 /* AuthViewController.swift */; };
		2D39BE432B51F54500A6F692 /* Assets.xcassets in Resources */ = {isa = PBXBuildFile; fileRef = 2D39BE422B51F54500A6F692 /* Assets.xcassets */; };
		2D39BE462B51F54500A6F692 /* LaunchScreen.storyboard in Resources */ = {isa = PBXBuildFile; fileRef = 2D39BE442B51F54500A6F692 /* LaunchScreen.storyboard */; };
		2D39BE532B5205A600A6F692 /* CustomTextFieldForm.swift in Sources */ = {isa = PBXBuildFile; fileRef = 2D39BE522B5205A600A6F692 /* CustomTextFieldForm.swift */; };
		2D39BE552B520AB000A6F692 /* UIFont + Extension.swift in Sources */ = {isa = PBXBuildFile; fileRef = 2D39BE542B520AB000A6F692 /* UIFont + Extension.swift */; };
		2D39BE592B520E0F00A6F692 /* UILabel + Extension.swift in Sources */ = {isa = PBXBuildFile; fileRef = 2D39BE582B520E0F00A6F692 /* UILabel + Extension.swift */; };
		2D39BE5B2B52149700A6F692 /* UIColor + Extension.swift in Sources */ = {isa = PBXBuildFile; fileRef = 2D39BE5A2B52149700A6F692 /* UIColor + Extension.swift */; };
		2D39BE5D2B52238900A6F692 /* UIButton + Extension.swift in Sources */ = {isa = PBXBuildFile; fileRef = 2D39BE5C2B52238800A6F692 /* UIButton + Extension.swift */; };
		2D4E3C0A2B76CF47008EAF14 /* StorageManager.swift in Sources */ = {isa = PBXBuildFile; fileRef = 2D4E3C092B76CF47008EAF14 /* StorageManager.swift */; };
		2D4F718F2B757DA700312034 /* PositionTableViewCell.swift in Sources */ = {isa = PBXBuildFile; fileRef = 2D4F718E2B757DA700312034 /* PositionTableViewCell.swift */; };
		2D7A74532B81824600F25E7F /* Order.swift in Sources */ = {isa = PBXBuildFile; fileRef = 2D7A74522B81824600F25E7F /* Order.swift */; };
		2D7EEDCB2BF96975004368D5 /* FirebaseAuth in Frameworks */ = {isa = PBXBuildFile; productRef = 2D7EEDCA2BF96975004368D5 /* FirebaseAuth */; };
		2D7EEDCD2BF96975004368D5 /* FirebaseFirestore in Frameworks */ = {isa = PBXBuildFile; productRef = 2D7EEDCC2BF96975004368D5 /* FirebaseFirestore */; };
		2D7EEDCF2BF96975004368D5 /* FirebaseStorage in Frameworks */ = {isa = PBXBuildFile; productRef = 2D7EEDCE2BF96975004368D5 /* FirebaseStorage */; };
		2D93110E2B8433280018D48F /* AdminViewController.swift in Sources */ = {isa = PBXBuildFile; fileRef = 2D93110D2B8433280018D48F /* AdminViewController.swift */; };
		2DA647C02B5EC2180078069A /* MainTabBarController.swift in Sources */ = {isa = PBXBuildFile; fileRef = 2DA647BF2B5EC2180078069A /* MainTabBarController.swift */; };
		2DCECBF62B741A75008FB055 /* Position.swift in Sources */ = {isa = PBXBuildFile; fileRef = 2DCECBF52B741A75008FB055 /* Position.swift */; };
		2DD3D33A2BD3191300186F72 /* OrderStatus.swift in Sources */ = {isa = PBXBuildFile; fileRef = 2DD3D3392BD3191300186F72 /* OrderStatus.swift */; };
		2DD3D33D2BD420A100186F72 /* ConfirmOrderViewController.swift in Sources */ = {isa = PBXBuildFile; fileRef = 2DD3D33C2BD420A100186F72 /* ConfirmOrderViewController.swift */; };
		2DD3D33F2BD4356C00186F72 /* PaymentMethod.swift in Sources */ = {isa = PBXBuildFile; fileRef = 2DD3D33E2BD4356C00186F72 /* PaymentMethod.swift */; };
		2DE570602B68618C00C8A60D /* Product.swift in Sources */ = {isa = PBXBuildFile; fileRef = 2DE5705F2B68618C00C8A60D /* Product.swift */; };
		2DF471692B5DF96F00688D29 /* OpenSans.ttf in Resources */ = {isa = PBXBuildFile; fileRef = 2DF471682B5DF96F00688D29 /* OpenSans.ttf */; };
		2DF4716C2B5E105F00688D29 /* Profile.swift in Sources */ = {isa = PBXBuildFile; fileRef = 2DF4716B2B5E105F00688D29 /* Profile.swift */; };
		2DF4716E2B5E10E400688D29 /* DataBaseService.swift in Sources */ = {isa = PBXBuildFile; fileRef = 2DF4716D2B5E10E400688D29 /* DataBaseService.swift */; };
/* End PBXBuildFile section */

/* Begin PBXFileReference section */
		2D14BCCA2BD4785C005B99C6 /* UIStackView + Extension.swift */ = {isa = PBXFileReference; lastKnownFileType = sourcecode.swift; path = "UIStackView + Extension.swift"; sourceTree = "<group>"; };
		2D1E99DB2B5351CE00752328 /* GoogleService-Info.plist */ = {isa = PBXFileReference; fileEncoding = 4; lastKnownFileType = text.plist.xml; path = "GoogleService-Info.plist"; sourceTree = "<group>"; };
		2D1E9A082B535AD100752328 /* AuthService.swift */ = {isa = PBXFileReference; lastKnownFileType = sourcecode.swift; path = AuthService.swift; sourceTree = "<group>"; };
		2D29ECE22B88E87000B9F218 /* OrderInfoViewController.swift */ = {isa = PBXFileReference; lastKnownFileType = sourcecode.swift; path = OrderInfoViewController.swift; sourceTree = "<group>"; };
		2D30432D2B5C8D2F008F5DA3 /* RegistrationViewController.swift */ = {isa = PBXFileReference; lastKnownFileType = sourcecode.swift; path = RegistrationViewController.swift; sourceTree = "<group>"; };
		2D30432F2B5C94E8008F5DA3 /* ProfileViewController.swift */ = {isa = PBXFileReference; lastKnownFileType = sourcecode.swift; path = ProfileViewController.swift; sourceTree = "<group>"; };
		2D34D2812B829CCF00A57046 /* OrdersViewController.swift */ = {isa = PBXFileReference; lastKnownFileType = sourcecode.swift; path = OrdersViewController.swift; sourceTree = "<group>"; };
		2D35840C2B69BA1100502D92 /* ProductViewController.swift */ = {isa = PBXFileReference; lastKnownFileType = sourcecode.swift; path = ProductViewController.swift; sourceTree = "<group>"; };
		2D35840E2B6C33F800502D92 /* CatalogTableViewCell.swift */ = {isa = PBXFileReference; lastKnownFileType = sourcecode.swift; path = CatalogTableViewCell.swift; sourceTree = "<group>"; };
		2D3584102B6C372B00502D92 /* CatalogViewController.swift */ = {isa = PBXFileReference; lastKnownFileType = sourcecode.swift; path = CatalogViewController.swift; sourceTree = "<group>"; };
		2D3584142B70C2E100502D92 /* CardViewController.swift */ = {isa = PBXFileReference; lastKnownFileType = sourcecode.swift; path = CardViewController.swift; sourceTree = "<group>"; };
		2D37808C2B82E873008E619C /* OrderTableViewCell.swift */ = {isa = PBXFileReference; lastKnownFileType = sourcecode.swift; path = OrderTableViewCell.swift; sourceTree = "<group>"; };
		2D39BE362B51F54400A6F692 /* DiplomProject.app */ = {isa = PBXFileReference; explicitFileType = wrapper.application; includeInIndex = 0; path = DiplomProject.app; sourceTree = BUILT_PRODUCTS_DIR; };
		2D39BE392B51F54400A6F692 /* AppDelegate.swift */ = {isa = PBXFileReference; lastKnownFileType = sourcecode.swift; path = AppDelegate.swift; sourceTree = "<group>"; };
		2D39BE3B2B51F54400A6F692 /* SceneDelegate.swift */ = {isa = PBXFileReference; lastKnownFileType = sourcecode.swift; path = SceneDelegate.swift; sourceTree = "<group>"; };
		2D39BE3D2B51F54400A6F692 /* AuthViewController.swift */ = {isa = PBXFileReference; lastKnownFileType = sourcecode.swift; path = AuthViewController.swift; sourceTree = "<group>"; };
		2D39BE422B51F54500A6F692 /* Assets.xcassets */ = {isa = PBXFileReference; lastKnownFileType = folder.assetcatalog; path = Assets.xcassets; sourceTree = "<group>"; };
		2D39BE452B51F54500A6F692 /* Base */ = {isa = PBXFileReference; lastKnownFileType = file.storyboard; name = Base; path = Base.lproj/LaunchScreen.storyboard; sourceTree = "<group>"; };
		2D39BE472B51F54500A6F692 /* Info.plist */ = {isa = PBXFileReference; lastKnownFileType = text.plist.xml; path = Info.plist; sourceTree = "<group>"; };
		2D39BE522B5205A600A6F692 /* CustomTextFieldForm.swift */ = {isa = PBXFileReference; lastKnownFileType = sourcecode.swift; path = CustomTextFieldForm.swift; sourceTree = "<group>"; };
		2D39BE542B520AB000A6F692 /* UIFont + Extension.swift */ = {isa = PBXFileReference; lastKnownFileType = sourcecode.swift; path = "UIFont + Extension.swift"; sourceTree = "<group>"; };
		2D39BE582B520E0F00A6F692 /* UILabel + Extension.swift */ = {isa = PBXFileReference; lastKnownFileType = sourcecode.swift; path = "UILabel + Extension.swift"; sourceTree = "<group>"; };
		2D39BE5A2B52149700A6F692 /* UIColor + Extension.swift */ = {isa = PBXFileReference; lastKnownFileType = sourcecode.swift; path = "UIColor + Extension.swift"; sourceTree = "<group>"; };
		2D39BE5C2B52238800A6F692 /* UIButton + Extension.swift */ = {isa = PBXFileReference; lastKnownFileType = sourcecode.swift; path = "UIButton + Extension.swift"; sourceTree = "<group>"; };
		2D4E3C092B76CF47008EAF14 /* StorageManager.swift */ = {isa = PBXFileReference; lastKnownFileType = sourcecode.swift; path = StorageManager.swift; sourceTree = "<group>"; };
		2D4F718E2B757DA700312034 /* PositionTableViewCell.swift */ = {isa = PBXFileReference; lastKnownFileType = sourcecode.swift; path = PositionTableViewCell.swift; sourceTree = "<group>"; };
		2D7A74522B81824600F25E7F /* Order.swift */ = {isa = PBXFileReference; lastKnownFileType = sourcecode.swift; path = Order.swift; sourceTree = "<group>"; };
		2D93110D2B8433280018D48F /* AdminViewController.swift */ = {isa = PBXFileReference; lastKnownFileType = sourcecode.swift; path = AdminViewController.swift; sourceTree = "<group>"; };
		2DA647BF2B5EC2180078069A /* MainTabBarController.swift */ = {isa = PBXFileReference; lastKnownFileType = sourcecode.swift; path = MainTabBarController.swift; sourceTree = "<group>"; };
		2DCECBF52B741A75008FB055 /* Position.swift */ = {isa = PBXFileReference; lastKnownFileType = sourcecode.swift; path = Position.swift; sourceTree = "<group>"; };
		2DD3D3392BD3191300186F72 /* OrderStatus.swift */ = {isa = PBXFileReference; lastKnownFileType = sourcecode.swift; path = OrderStatus.swift; sourceTree = "<group>"; };
		2DD3D33C2BD420A100186F72 /* ConfirmOrderViewController.swift */ = {isa = PBXFileReference; lastKnownFileType = sourcecode.swift; path = ConfirmOrderViewController.swift; sourceTree = "<group>"; };
		2DD3D33E2BD4356C00186F72 /* PaymentMethod.swift */ = {isa = PBXFileReference; lastKnownFileType = sourcecode.swift; path = PaymentMethod.swift; sourceTree = "<group>"; };
		2DE5705F2B68618C00C8A60D /* Product.swift */ = {isa = PBXFileReference; lastKnownFileType = sourcecode.swift; path = Product.swift; sourceTree = "<group>"; };
		2DF471682B5DF96F00688D29 /* OpenSans.ttf */ = {isa = PBXFileReference; lastKnownFileType = file; path = OpenSans.ttf; sourceTree = "<group>"; };
		2DF4716B2B5E105F00688D29 /* Profile.swift */ = {isa = PBXFileReference; lastKnownFileType = sourcecode.swift; path = Profile.swift; sourceTree = "<group>"; };
		2DF4716D2B5E10E400688D29 /* DataBaseService.swift */ = {isa = PBXFileReference; lastKnownFileType = sourcecode.swift; path = DataBaseService.swift; sourceTree = "<group>"; };
/* End PBXFileReference section */

/* Begin PBXFrameworksBuildPhase section */
		2D39BE332B51F54400A6F692 /* Frameworks */ = {
			isa = PBXFrameworksBuildPhase;
			buildActionMask = 2147483647;
			files = (
				2D7EEDCB2BF96975004368D5 /* FirebaseAuth in Frameworks */,
				2D7EEDCD2BF96975004368D5 /* FirebaseFirestore in Frameworks */,
				2D7EEDCF2BF96975004368D5 /* FirebaseStorage in Frameworks */,
			);
			runOnlyForDeploymentPostprocessing = 0;
		};
/* End PBXFrameworksBuildPhase section */

/* Begin PBXGroup section */
		2D1E9A0A2B535AD800752328 /* Services */ = {
			isa = PBXGroup;
			children = (
				2D1E9A082B535AD100752328 /* AuthService.swift */,
				2DF4716D2B5E10E400688D29 /* DataBaseService.swift */,
				2D4E3C092B76CF47008EAF14 /* StorageManager.swift */,
			);
			path = Services;
			sourceTree = "<group>";
		};
		2D39BE2D2B51F54400A6F692 = {
			isa = PBXGroup;
			children = (
				2D39BE382B51F54400A6F692 /* DiplomProject */,
				2D39BE372B51F54400A6F692 /* Products */,
			);
			sourceTree = "<group>";
		};
		2D39BE372B51F54400A6F692 /* Products */ = {
			isa = PBXGroup;
			children = (
				2D39BE362B51F54400A6F692 /* DiplomProject.app */,
			);
			name = Products;
			sourceTree = "<group>";
		};
		2D39BE382B51F54400A6F692 /* DiplomProject */ = {
			isa = PBXGroup;
			children = (
				2D39BE4D2B51F57200A6F692 /* ViewControllers */,
				2DE570652B68647D00C8A60D /* Views */,
				2DF4716A2B5E104500688D29 /* Model */,
				2D1E9A0A2B535AD800752328 /* Services */,
				2D39BE4F2B51F5D900A6F692 /* Storyboards */,
				2D39BE512B52057E00A6F692 /* Extension */,
				2D39BE502B51F5EF00A6F692 /* Resources */,
				2D39BE4E2B51F5AF00A6F692 /* SupportingFiles */,
			);
			path = DiplomProject;
			sourceTree = "<group>";
		};
		2D39BE4D2B51F57200A6F692 /* ViewControllers */ = {
			isa = PBXGroup;
			children = (
				2D39BE3D2B51F54400A6F692 /* AuthViewController.swift */,
				2D30432D2B5C8D2F008F5DA3 /* RegistrationViewController.swift */,
				2D30432F2B5C94E8008F5DA3 /* ProfileViewController.swift */,
				2DA647BF2B5EC2180078069A /* MainTabBarController.swift */,
				2D35840C2B69BA1100502D92 /* ProductViewController.swift */,
				2D3584102B6C372B00502D92 /* CatalogViewController.swift */,
				2D3584142B70C2E100502D92 /* CardViewController.swift */,
				2D34D2812B829CCF00A57046 /* OrdersViewController.swift */,
				2DD3D33C2BD420A100186F72 /* ConfirmOrderViewController.swift */,
				2DD3D33B2BD319ED00186F72 /* AdminController */,
			);
			path = ViewControllers;
			sourceTree = "<group>";
		};
		2D39BE4E2B51F5AF00A6F692 /* SupportingFiles */ = {
			isa = PBXGroup;
			children = (
				2D1E99DB2B5351CE00752328 /* GoogleService-Info.plist */,
				2D39BE472B51F54500A6F692 /* Info.plist */,
				2D39BE392B51F54400A6F692 /* AppDelegate.swift */,
				2D39BE3B2B51F54400A6F692 /* SceneDelegate.swift */,
			);
			path = SupportingFiles;
			sourceTree = "<group>";
		};
		2D39BE4F2B51F5D900A6F692 /* Storyboards */ = {
			isa = PBXGroup;
			children = (
				2D39BE442B51F54500A6F692 /* LaunchScreen.storyboard */,
			);
			path = Storyboards;
			sourceTree = "<group>";
		};
		2D39BE502B51F5EF00A6F692 /* Resources */ = {
			isa = PBXGroup;
			children = (
				2DF471672B5DF95900688D29 /* Fonts */,
				2D39BE422B51F54500A6F692 /* Assets.xcassets */,
			);
			path = Resources;
			sourceTree = "<group>";
		};
		2D39BE512B52057E00A6F692 /* Extension */ = {
			isa = PBXGroup;
			children = (
				2D39BE522B5205A600A6F692 /* CustomTextFieldForm.swift */,
				2D39BE582B520E0F00A6F692 /* UILabel + Extension.swift */,
				2D39BE5A2B52149700A6F692 /* UIColor + Extension.swift */,
				2D39BE542B520AB000A6F692 /* UIFont + Extension.swift */,
				2D39BE5C2B52238800A6F692 /* UIButton + Extension.swift */,
				2D14BCCA2BD4785C005B99C6 /* UIStackView + Extension.swift */,
			);
			path = Extension;
			sourceTree = "<group>";
		};
		2DD3D33B2BD319ED00186F72 /* AdminController */ = {
			isa = PBXGroup;
			children = (
				2D93110D2B8433280018D48F /* AdminViewController.swift */,
				2D29ECE22B88E87000B9F218 /* OrderInfoViewController.swift */,
			);
			path = AdminController;
			sourceTree = "<group>";
		};
		2DE570652B68647D00C8A60D /* Views */ = {
			isa = PBXGroup;
			children = (
				2D35840E2B6C33F800502D92 /* CatalogTableViewCell.swift */,
				2D4F718E2B757DA700312034 /* PositionTableViewCell.swift */,
				2D37808C2B82E873008E619C /* OrderTableViewCell.swift */,
			);
			path = Views;
			sourceTree = "<group>";
		};
		2DF471672B5DF95900688D29 /* Fonts */ = {
			isa = PBXGroup;
			children = (
				2DF471682B5DF96F00688D29 /* OpenSans.ttf */,
			);
			path = Fonts;
			sourceTree = "<group>";
		};
		2DF4716A2B5E104500688D29 /* Model */ = {
			isa = PBXGroup;
			children = (
				2DF4716B2B5E105F00688D29 /* Profile.swift */,
				2DE5705F2B68618C00C8A60D /* Product.swift */,
				2DCECBF52B741A75008FB055 /* Position.swift */,
				2D7A74522B81824600F25E7F /* Order.swift */,
				2DD3D3392BD3191300186F72 /* OrderStatus.swift */,
				2DD3D33E2BD4356C00186F72 /* PaymentMethod.swift */,
			);
			path = Model;
			sourceTree = "<group>";
		};
/* End PBXGroup section */

/* Begin PBXNativeTarget section */
		2D39BE352B51F54400A6F692 /* DiplomProject */ = {
			isa = PBXNativeTarget;
			buildConfigurationList = 2D39BE4A2B51F54500A6F692 /* Build configuration list for PBXNativeTarget "DiplomProject" */;
			buildPhases = (
				2D39BE322B51F54400A6F692 /* Sources */,
				2D39BE332B51F54400A6F692 /* Frameworks */,
				2D39BE342B51F54400A6F692 /* Resources */,
			);
			buildRules = (
			);
			dependencies = (
			);
			name = DiplomProject;
			packageProductDependencies = (
				2D7EEDCA2BF96975004368D5 /* FirebaseAuth */,
				2D7EEDCC2BF96975004368D5 /* FirebaseFirestore */,
				2D7EEDCE2BF96975004368D5 /* FirebaseStorage */,
			);
			productName = DiplomProject;
			productReference = 2D39BE362B51F54400A6F692 /* DiplomProject.app */;
			productType = "com.apple.product-type.application";
		};
/* End PBXNativeTarget section */

/* Begin PBXProject section */
		2D39BE2E2B51F54400A6F692 /* Project object */ = {
			isa = PBXProject;
			attributes = {
				BuildIndependentTargetsInParallel = 1;
				LastSwiftUpdateCheck = 1500;
				LastUpgradeCheck = 1500;
				TargetAttributes = {
					2D39BE352B51F54400A6F692 = {
						CreatedOnToolsVersion = 15.0.1;
					};
				};
			};
			buildConfigurationList = 2D39BE312B51F54400A6F692 /* Build configuration list for PBXProject "DiplomProject" */;
			compatibilityVersion = "Xcode 14.0";
			developmentRegion = en;
			hasScannedForEncodings = 0;
			knownRegions = (
				en,
				Base,
			);
			mainGroup = 2D39BE2D2B51F54400A6F692;
			packageReferences = (
				2D7EEDC92BF96975004368D5 /* XCRemoteSwiftPackageReference "firebase-ios-sdk" */,
			);
			productRefGroup = 2D39BE372B51F54400A6F692 /* Products */;
			projectDirPath = "";
			projectRoot = "";
			targets = (
				2D39BE352B51F54400A6F692 /* DiplomProject */,
			);
		};
/* End PBXProject section */

/* Begin PBXResourcesBuildPhase section */
		2D39BE342B51F54400A6F692 /* Resources */ = {
			isa = PBXResourcesBuildPhase;
			buildActionMask = 2147483647;
			files = (
				2D39BE462B51F54500A6F692 /* LaunchScreen.storyboard in Resources */,
				2D39BE432B51F54500A6F692 /* Assets.xcassets in Resources */,
				2D1E99DC2B5351CE00752328 /* GoogleService-Info.plist in Resources */,
				2DF471692B5DF96F00688D29 /* OpenSans.ttf in Resources */,
			);
			runOnlyForDeploymentPostprocessing = 0;
		};
/* End PBXResourcesBuildPhase section */

/* Begin PBXSourcesBuildPhase section */
		2D39BE322B51F54400A6F692 /* Sources */ = {
			isa = PBXSourcesBuildPhase;
			buildActionMask = 2147483647;
			files = (
				2D39BE552B520AB000A6F692 /* UIFont + Extension.swift in Sources */,
				2D39BE5B2B52149700A6F692 /* UIColor + Extension.swift in Sources */,
				2DE570602B68618C00C8A60D /* Product.swift in Sources */,
				2D39BE3E2B51F54400A6F692 /* AuthViewController.swift in Sources */,
				2D29ECE32B88E87000B9F218 /* OrderInfoViewController.swift in Sources */,
				2D39BE3A2B51F54400A6F692 /* AppDelegate.swift in Sources */,
				2D3584112B6C372B00502D92 /* CatalogViewController.swift in Sources */,
				2DF4716C2B5E105F00688D29 /* Profile.swift in Sources */,
				2D35840F2B6C33F800502D92 /* CatalogTableViewCell.swift in Sources */,
				2DD3D33F2BD4356C00186F72 /* PaymentMethod.swift in Sources */,
				2D93110E2B8433280018D48F /* AdminViewController.swift in Sources */,
				2D30432E2B5C8D2F008F5DA3 /* RegistrationViewController.swift in Sources */,
				2DF4716E2B5E10E400688D29 /* DataBaseService.swift in Sources */,
				2DD3D33D2BD420A100186F72 /* ConfirmOrderViewController.swift in Sources */,
				2DD3D33A2BD3191300186F72 /* OrderStatus.swift in Sources */,
				2DCECBF62B741A75008FB055 /* Position.swift in Sources */,
				2D14BCCB2BD4785C005B99C6 /* UIStackView + Extension.swift in Sources */,
				2D39BE592B520E0F00A6F692 /* UILabel + Extension.swift in Sources */,
				2D3043302B5C94E8008F5DA3 /* ProfileViewController.swift in Sources */,
				2D4F718F2B757DA700312034 /* PositionTableViewCell.swift in Sources */,
				2D39BE5D2B52238900A6F692 /* UIButton + Extension.swift in Sources */,
				2D3584152B70C2E100502D92 /* CardViewController.swift in Sources */,
				2D37808D2B82E873008E619C /* OrderTableViewCell.swift in Sources */,
				2DA647C02B5EC2180078069A /* MainTabBarController.swift in Sources */,
				2D39BE3C2B51F54400A6F692 /* SceneDelegate.swift in Sources */,
				2D1E9A092B535AD100752328 /* AuthService.swift in Sources */,
				2D34D2822B829CCF00A57046 /* OrdersViewController.swift in Sources */,
				2D35840D2B69BA1100502D92 /* ProductViewController.swift in Sources */,
				2D7A74532B81824600F25E7F /* Order.swift in Sources */,
				2D39BE532B5205A600A6F692 /* CustomTextFieldForm.swift in Sources */,
				2D4E3C0A2B76CF47008EAF14 /* StorageManager.swift in Sources */,
			);
			runOnlyForDeploymentPostprocessing = 0;
		};
/* End PBXSourcesBuildPhase section */

/* Begin PBXVariantGroup section */
		2D39BE442B51F54500A6F692 /* LaunchScreen.storyboard */ = {
			isa = PBXVariantGroup;
			children = (
				2D39BE452B51F54500A6F692 /* Base */,
			);
			name = LaunchScreen.storyboard;
			sourceTree = "<group>";
		};
/* End PBXVariantGroup section */

/* Begin XCBuildConfiguration section */
		2D39BE482B51F54500A6F692 /* Debug */ = {
			isa = XCBuildConfiguration;
			buildSettings = {
				ALWAYS_SEARCH_USER_PATHS = NO;
				ASSETCATALOG_COMPILER_GENERATE_SWIFT_ASSET_SYMBOL_EXTENSIONS = YES;
				CLANG_ANALYZER_NONNULL = YES;
				CLANG_ANALYZER_NUMBER_OBJECT_CONVERSION = YES_AGGRESSIVE;
				CLANG_CXX_LANGUAGE_STANDARD = "gnu++20";
				CLANG_ENABLE_MODULES = YES;
				CLANG_ENABLE_OBJC_ARC = YES;
				CLANG_ENABLE_OBJC_WEAK = YES;
				CLANG_WARN_BLOCK_CAPTURE_AUTORELEASING = YES;
				CLANG_WARN_BOOL_CONVERSION = YES;
				CLANG_WARN_COMMA = YES;
				CLANG_WARN_CONSTANT_CONVERSION = YES;
				CLANG_WARN_DEPRECATED_OBJC_IMPLEMENTATIONS = YES;
				CLANG_WARN_DIRECT_OBJC_ISA_USAGE = YES_ERROR;
				CLANG_WARN_DOCUMENTATION_COMMENTS = YES;
				CLANG_WARN_EMPTY_BODY = YES;
				CLANG_WARN_ENUM_CONVERSION = YES;
				CLANG_WARN_INFINITE_RECURSION = YES;
				CLANG_WARN_INT_CONVERSION = YES;
				CLANG_WARN_NON_LITERAL_NULL_CONVERSION = YES;
				CLANG_WARN_OBJC_IMPLICIT_RETAIN_SELF = YES;
				CLANG_WARN_OBJC_LITERAL_CONVERSION = YES;
				CLANG_WARN_OBJC_ROOT_CLASS = YES_ERROR;
				CLANG_WARN_QUOTED_INCLUDE_IN_FRAMEWORK_HEADER = YES;
				CLANG_WARN_RANGE_LOOP_ANALYSIS = YES;
				CLANG_WARN_STRICT_PROTOTYPES = YES;
				CLANG_WARN_SUSPICIOUS_MOVE = YES;
				CLANG_WARN_UNGUARDED_AVAILABILITY = YES_AGGRESSIVE;
				CLANG_WARN_UNREACHABLE_CODE = YES;
				CLANG_WARN__DUPLICATE_METHOD_MATCH = YES;
				COPY_PHASE_STRIP = NO;
				DEBUG_INFORMATION_FORMAT = dwarf;
				ENABLE_STRICT_OBJC_MSGSEND = YES;
				ENABLE_TESTABILITY = YES;
				ENABLE_USER_SCRIPT_SANDBOXING = YES;
				GCC_C_LANGUAGE_STANDARD = gnu17;
				GCC_DYNAMIC_NO_PIC = NO;
				GCC_NO_COMMON_BLOCKS = YES;
				GCC_OPTIMIZATION_LEVEL = 0;
				GCC_PREPROCESSOR_DEFINITIONS = (
					"DEBUG=1",
					"$(inherited)",
				);
				GCC_WARN_64_TO_32_BIT_CONVERSION = YES;
				GCC_WARN_ABOUT_RETURN_TYPE = YES_ERROR;
				GCC_WARN_UNDECLARED_SELECTOR = YES;
				GCC_WARN_UNINITIALIZED_AUTOS = YES_AGGRESSIVE;
				GCC_WARN_UNUSED_FUNCTION = YES;
				GCC_WARN_UNUSED_VARIABLE = YES;
				IPHONEOS_DEPLOYMENT_TARGET = 17.2;
				LOCALIZATION_PREFERS_STRING_CATALOGS = YES;
				MTL_ENABLE_DEBUG_INFO = INCLUDE_SOURCE;
				MTL_FAST_MATH = YES;
				ONLY_ACTIVE_ARCH = YES;
				SDKROOT = iphoneos;
				SWIFT_ACTIVE_COMPILATION_CONDITIONS = "DEBUG $(inherited)";
				SWIFT_OPTIMIZATION_LEVEL = "-Onone";
			};
			name = Debug;
		};
		2D39BE492B51F54500A6F692 /* Release */ = {
			isa = XCBuildConfiguration;
			buildSettings = {
				ALWAYS_SEARCH_USER_PATHS = NO;
				ASSETCATALOG_COMPILER_GENERATE_SWIFT_ASSET_SYMBOL_EXTENSIONS = YES;
				CLANG_ANALYZER_NONNULL = YES;
				CLANG_ANALYZER_NUMBER_OBJECT_CONVERSION = YES_AGGRESSIVE;
				CLANG_CXX_LANGUAGE_STANDARD = "gnu++20";
				CLANG_ENABLE_MODULES = YES;
				CLANG_ENABLE_OBJC_ARC = YES;
				CLANG_ENABLE_OBJC_WEAK = YES;
				CLANG_WARN_BLOCK_CAPTURE_AUTORELEASING = YES;
				CLANG_WARN_BOOL_CONVERSION = YES;
				CLANG_WARN_COMMA = YES;
				CLANG_WARN_CONSTANT_CONVERSION = YES;
				CLANG_WARN_DEPRECATED_OBJC_IMPLEMENTATIONS = YES;
				CLANG_WARN_DIRECT_OBJC_ISA_USAGE = YES_ERROR;
				CLANG_WARN_DOCUMENTATION_COMMENTS = YES;
				CLANG_WARN_EMPTY_BODY = YES;
				CLANG_WARN_ENUM_CONVERSION = YES;
				CLANG_WARN_INFINITE_RECURSION = YES;
				CLANG_WARN_INT_CONVERSION = YES;
				CLANG_WARN_NON_LITERAL_NULL_CONVERSION = YES;
				CLANG_WARN_OBJC_IMPLICIT_RETAIN_SELF = YES;
				CLANG_WARN_OBJC_LITERAL_CONVERSION = YES;
				CLANG_WARN_OBJC_ROOT_CLASS = YES_ERROR;
				CLANG_WARN_QUOTED_INCLUDE_IN_FRAMEWORK_HEADER = YES;
				CLANG_WARN_RANGE_LOOP_ANALYSIS = YES;
				CLANG_WARN_STRICT_PROTOTYPES = YES;
				CLANG_WARN_SUSPICIOUS_MOVE = YES;
				CLANG_WARN_UNGUARDED_AVAILABILITY = YES_AGGRESSIVE;
				CLANG_WARN_UNREACHABLE_CODE = YES;
				CLANG_WARN__DUPLICATE_METHOD_MATCH = YES;
				COPY_PHASE_STRIP = NO;
				DEBUG_INFORMATION_FORMAT = "dwarf-with-dsym";
				ENABLE_NS_ASSERTIONS = NO;
				ENABLE_STRICT_OBJC_MSGSEND = YES;
				ENABLE_USER_SCRIPT_SANDBOXING = YES;
				GCC_C_LANGUAGE_STANDARD = gnu17;
				GCC_NO_COMMON_BLOCKS = YES;
				GCC_WARN_64_TO_32_BIT_CONVERSION = YES;
				GCC_WARN_ABOUT_RETURN_TYPE = YES_ERROR;
				GCC_WARN_UNDECLARED_SELECTOR = YES;
				GCC_WARN_UNINITIALIZED_AUTOS = YES_AGGRESSIVE;
				GCC_WARN_UNUSED_FUNCTION = YES;
				GCC_WARN_UNUSED_VARIABLE = YES;
				IPHONEOS_DEPLOYMENT_TARGET = 17.2;
				LOCALIZATION_PREFERS_STRING_CATALOGS = YES;
				MTL_ENABLE_DEBUG_INFO = NO;
				MTL_FAST_MATH = YES;
				SDKROOT = iphoneos;
				SWIFT_COMPILATION_MODE = wholemodule;
				VALIDATE_PRODUCT = YES;
			};
			name = Release;
		};
		2D39BE4B2B51F54500A6F692 /* Debug */ = {
			isa = XCBuildConfiguration;
			buildSettings = {
				ASSETCATALOG_COMPILER_APPICON_NAME = AppIcon;
				ASSETCATALOG_COMPILER_GLOBAL_ACCENT_COLOR_NAME = AccentColor;
				CODE_SIGN_STYLE = Automatic;
				CURRENT_PROJECT_VERSION = 1;
				DEVELOPMENT_TEAM = FZ3W935W3Y;
				GENERATE_INFOPLIST_FILE = YES;
				INFOPLIST_FILE = DiplomProject/SupportingFiles/Info.plist;
				INFOPLIST_KEY_UIApplicationSupportsIndirectInputEvents = YES;
				INFOPLIST_KEY_UILaunchStoryboardName = LaunchScreen;
				INFOPLIST_KEY_UISupportedInterfaceOrientations = UIInterfaceOrientationPortrait;
				INFOPLIST_KEY_UISupportedInterfaceOrientations_iPad = "UIInterfaceOrientationLandscapeLeft UIInterfaceOrientationLandscapeRight UIInterfaceOrientationPortrait UIInterfaceOrientationPortraitUpsideDown";
				LD_RUNPATH_SEARCH_PATHS = (
					"$(inherited)",
					"@executable_path/Frameworks",
				);
				MARKETING_VERSION = 1.0;
				PRODUCT_BUNDLE_IDENTIFIER = com.khafizov.DiplomProject;
				PRODUCT_NAME = "$(TARGET_NAME)";
				SUPPORTED_PLATFORMS = "iphoneos iphonesimulator";
				SUPPORTS_MACCATALYST = NO;
				SUPPORTS_MAC_DESIGNED_FOR_IPHONE_IPAD = NO;
				SUPPORTS_XR_DESIGNED_FOR_IPHONE_IPAD = NO;
				SWIFT_EMIT_LOC_STRINGS = YES;
				SWIFT_VERSION = 5.0;
				TARGETED_DEVICE_FAMILY = 1;
			};
			name = Debug;
		};
		2D39BE4C2B51F54500A6F692 /* Release */ = {
			isa = XCBuildConfiguration;
			buildSettings = {
				ASSETCATALOG_COMPILER_APPICON_NAME = AppIcon;
				ASSETCATALOG_COMPILER_GLOBAL_ACCENT_COLOR_NAME = AccentColor;
				CODE_SIGN_STYLE = Automatic;
				CURRENT_PROJECT_VERSION = 1;
				DEVELOPMENT_TEAM = FZ3W935W3Y;
				GENERATE_INFOPLIST_FILE = YES;
				INFOPLIST_FILE = DiplomProject/SupportingFiles/Info.plist;
				INFOPLIST_KEY_UIApplicationSupportsIndirectInputEvents = YES;
				INFOPLIST_KEY_UILaunchStoryboardName = LaunchScreen;
				INFOPLIST_KEY_UISupportedInterfaceOrientations = UIInterfaceOrientationPortrait;
				INFOPLIST_KEY_UISupportedInterfaceOrientations_iPad = "UIInterfaceOrientationLandscapeLeft UIInterfaceOrientationLandscapeRight UIInterfaceOrientationPortrait UIInterfaceOrientationPortraitUpsideDown";
				LD_RUNPATH_SEARCH_PATHS = (
					"$(inherited)",
					"@executable_path/Frameworks",
				);
				MARKETING_VERSION = 1.0;
				PRODUCT_BUNDLE_IDENTIFIER = com.khafizov.DiplomProject;
				PRODUCT_NAME = "$(TARGET_NAME)";
				SUPPORTED_PLATFORMS = "iphoneos iphonesimulator";
				SUPPORTS_MACCATALYST = NO;
				SUPPORTS_MAC_DESIGNED_FOR_IPHONE_IPAD = NO;
				SUPPORTS_XR_DESIGNED_FOR_IPHONE_IPAD = NO;
				SWIFT_EMIT_LOC_STRINGS = YES;
				SWIFT_VERSION = 5.0;
				TARGETED_DEVICE_FAMILY = 1;
			};
			name = Release;
		};
/* End XCBuildConfiguration section */

/* Begin XCConfigurationList section */
		2D39BE312B51F54400A6F692 /* Build configuration list for PBXProject "DiplomProject" */ = {
			isa = XCConfigurationList;
			buildConfigurations = (
				2D39BE482B51F54500A6F692 /* Debug */,
				2D39BE492B51F54500A6F692 /* Release */,
			);
			defaultConfigurationIsVisible = 0;
			defaultConfigurationName = Release;
		};
		2D39BE4A2B51F54500A6F692 /* Build configuration list for PBXNativeTarget "DiplomProject" */ = {
			isa = XCConfigurationList;
			buildConfigurations = (
				2D39BE4B2B51F54500A6F692 /* Debug */,
				2D39BE4C2B51F54500A6F692 /* Release */,
			);
			defaultConfigurationIsVisible = 0;
			defaultConfigurationName = Release;
		};
/* End XCConfigurationList section */

/* Begin XCRemoteSwiftPackageReference section */
		2D7EEDC92BF96975004368D5 /* XCRemoteSwiftPackageReference "firebase-ios-sdk" */ = {
			isa = XCRemoteSwiftPackageReference;
			repositoryURL = "https://github.com/firebase/firebase-ios-sdk";
			requirement = {
				kind = upToNextMajorVersion;
				minimumVersion = 10.26.0;
			};
		};
/* End XCRemoteSwiftPackageReference section */

/* Begin XCSwiftPackageProductDependency section */
		2D7EEDCA2BF96975004368D5 /* FirebaseAuth */ = {
			isa = XCSwiftPackageProductDependency;
			package = 2D7EEDC92BF96975004368D5 /* XCRemoteSwiftPackageReference "firebase-ios-sdk" */;
			productName = FirebaseAuth;
		};
		2D7EEDCC2BF96975004368D5 /* FirebaseFirestore */ = {
			isa = XCSwiftPackageProductDependency;
			package = 2D7EEDC92BF96975004368D5 /* XCRemoteSwiftPackageReference "firebase-ios-sdk" */;
			productName = FirebaseFirestore;
		};
		2D7EEDCE2BF96975004368D5 /* FirebaseStorage */ = {
			isa = XCSwiftPackageProductDependency;
			package = 2D7EEDC92BF96975004368D5 /* XCRemoteSwiftPackageReference "firebase-ios-sdk" */;
			productName = FirebaseStorage;
		};
/* End XCSwiftPackageProductDependency section */
	};
	rootObject = 2D39BE2E2B51F54400A6F692 /* Project object */;
}
